{
  "nodes": {
    "flake-utils": {
      "locked": {
        "lastModified": 1676283394,
        "narHash": "sha256-XX2f9c3iySLCw54rJ/CZs+ZK6IQy7GXNY4nSOyu2QG4=",
        "owner": "numtide",
        "repo": "flake-utils",
        "rev": "3db36a8b464d0c4532ba1c7dda728f4576d6d073",
        "type": "github"
      },
      "original": {
        "owner": "numtide",
        "repo": "flake-utils",
        "type": "github"
      }
    },
    "nix-filter": {
      "locked": {
        "lastModified": 1676294984,
        "narHash": "sha256-hdLUa/3RH1VJ+gMUysQE0JGM4F2Q/tIIFbtoxAOurJQ=",
        "owner": "numtide",
        "repo": "nix-filter",
        "rev": "fc282c5478e4141842f9644c239a41cfe9586732",
        "type": "github"
      },
      "original": {
        "owner": "numtide",
        "repo": "nix-filter",
        "type": "github"
      }
    },
    "nixpkgs": {
      "locked": {
        "lastModified": 1677290201,
        "narHash": "sha256-NrcRP2I8JBNWS7LmGRS92d9ppfbN7GBVlXvZTfl4DH4=",
        "owner": "nixos",
        "repo": "nixpkgs",
        "rev": "2a987db0cc80f100cc0e0deeae1e3083c9084f81",
        "type": "github"
      },
      "original": {
        "owner": "nixos",
        "repo": "nixpkgs",
        "type": "github"
      }
    },
    "root": {
      "inputs": {
        "flake-utils": "flake-utils",
        "nix-filter": "nix-filter",
        "nixpkgs": "nixpkgs"
      }
    }
  },
  "root": "root",
  "version": 7
}
